
Microsoft Visual Studio Solution File, Format Version 12.00
# Visual Studio Version 16
VisualStudioVersion = 16.0.31313.79
MinimumVisualStudioVersion = 10.0.40219.1
Project("{FAE04EC0-301F-11D3-BF4B-00C04F79EFBC}") = "TestingTrabajo", "TestingTrabajo\TestingTrabajo.csproj", "{226EC85D-F3F7-4CCF-8913-37A370068AA4}"
EndProject
Global
	GlobalSection(SolutionConfigurationPlatforms) = preSolution
		Debug|Any CPU = Debug|Any CPU
		Release|Any CPU = Release|Any CPU
	EndGlobalSection
	GlobalSection(ProjectConfigurationPlatforms) = postSolution
		{226EC85D-F3F7-4CCF-8913-37A370068AA4}.Debug|Any CPU.ActiveCfg = Debug|Any CPU
		{226EC85D-F3F7-4CCF-8913-37A370068AA4}.Debug|Any CPU.Build.0 = Debug|Any CPU
		{226EC85D-F3F7-4CCF-8913-37A370068AA4}.Release|Any CPU.ActiveCfg = Release|Any CPU
		{226EC85D-F3F7-4CCF-8913-37A370068AA4}.Release|Any CPU.Build.0 = Release|Any CPU
	EndGlobalSection
	GlobalSection(SolutionProperties) = preSolution
		HideSolutionNode = FALSE
	EndGlobalSection
	GlobalSection(ExtensibilityGlobals) = postSolution
		SolutionGuid = {E149AB3C-D7AE-45D7-9E08-0A9F3E920C51}
	EndGlobalSection
EndGlobal
